// !$*UTF8*$!
{
	archiveVersion = 1;
	classes = {
	};
	objectVersion = 46;
	objects = {

/* Begin PBXBuildFile section */
		77899DBF1C646C5400C874B2 /* AppDelegate.swift in Sources */ = {isa = PBXBuildFile; fileRef = 77899DBE1C646C5400C874B2 /* AppDelegate.swift */; };
		77899DC11C646C5400C874B2 /* ViewController.swift in Sources */ = {isa = PBXBuildFile; fileRef = 77899DC01C646C5400C874B2 /* ViewController.swift */; };
		77899DC41C646C5400C874B2 /* Main.storyboard in Resources */ = {isa = PBXBuildFile; fileRef = 77899DC21C646C5400C874B2 /* Main.storyboard */; };
		77899DC61C646C5400C874B2 /* Assets.xcassets in Resources */ = {isa = PBXBuildFile; fileRef = 77899DC51C646C5400C874B2 /* Assets.xcassets */; };
		77899DC91C646C5400C874B2 /* LaunchScreen.storyboard in Resources */ = {isa = PBXBuildFile; fileRef = 77899DC71C646C5400C874B2 /* LaunchScreen.storyboard */; };
		77EB4DED1C681DC3000D05EC /* CoreLocation.framework in Frameworks */ = {isa = PBXBuildFile; fileRef = 77EB4DEC1C681DC3000D05EC /* CoreLocation.framework */; };
		77EB4DEF1C683102000D05EC /* MapKit.framework in Frameworks */ = {isa = PBXBuildFile; fileRef = 77EB4DEE1C683102000D05EC /* MapKit.framework */; };
/* End PBXBuildFile section */

/* Begin PBXFileReference section */
		77899DBB1C646C5400C874B2 /* WhereIsMyCar.app */ = {isa = PBXFileReference; explicitFileType = wrapper.application; includeInIndex = 0; path = WhereIsMyCar.app; sourceTree = BUILT_PRODUCTS_DIR; };
		77899DBE1C646C5400C874B2 /* AppDelegate.swift */ = {isa = PBXFileReference; lastKnownFileType = sourcecode.swift; path = AppDelegate.swift; sourceTree = "<group>"; };
		77899DC01C646C5400C874B2 /* ViewController.swift */ = {isa = PBXFileReference; lastKnownFileType = sourcecode.swift; path = ViewController.swift; sourceTree = "<group>"; };
		77899DC31C646C5400C874B2 /* Base */ = {isa = PBXFileReference; lastKnownFileType = file.storyboard; name = Base; path = Base.lproj/Main.storyboard; sourceTree = "<group>"; };
		77899DC51C646C5400C874B2 /* Assets.xcassets */ = {isa = PBXFileReference; lastKnownFileType = folder.assetcatalog; path = Assets.xcassets; sourceTree = "<group>"; };
		77899DC81C646C5400C874B2 /* Base */ = {isa = PBXFileReference; lastKnownFileType = file.storyboard; name = Base; path = Base.lproj/LaunchScreen.storyboard; sourceTree = "<group>"; };
		77899DCA1C646C5400C874B2 /* Info.plist */ = {isa = PBXFileReference; lastKnownFileType = text.plist.xml; path = Info.plist; sourceTree = "<group>"; };
		77EB4DEC1C681DC3000D05EC /* CoreLocation.framework */ = {isa = PBXFileReference; lastKnownFileType = wrapper.framework; name = CoreLocation.framework; path = System/Library/Frameworks/CoreLocation.framework; sourceTree = SDKROOT; };
		77EB4DEE1C683102000D05EC /* MapKit.framework */ = {isa = PBXFileReference; lastKnownFileType = wrapper.framework; name = MapKit.framework; path = System/Library/Frameworks/MapKit.framework; sourceTree = SDKROOT; };
/* End PBXFileReference section */

/* Begin PBXFrameworksBuildPhase section */
		77899DB81C646C5400C874B2 /* Frameworks */ = {
			isa = PBXFrameworksBuildPhase;
			buildActionMask = 2147483647;
			files = (
				77EB4DEF1C683102000D05EC /* MapKit.framework in Frameworks */,
				77EB4DED1C681DC3000D05EC /* CoreLocation.framework in Frameworks */,
			);
			runOnlyForDeploymentPostprocessing = 0;
		};
/* End PBXFrameworksBuildPhase section */

/* Begin PBXGroup section */
		77899DB21C646C5400C874B2 = {
			isa = PBXGroup;
			children = (
				77EB4DEE1C683102000D05EC /* MapKit.framework */,
				77EB4DEC1C681DC3000D05EC /* CoreLocation.framework */,
				77899DBD1C646C5400C874B2 /* WhereIsMyCar */,
				77899DBC1C646C5400C874B2 /* Products */,
			);
			sourceTree = "<group>";
		};
		77899DBC1C646C5400C874B2 /* Products */ = {
			isa = PBXGroup;
			children = (
				77899DBB1C646C5400C874B2 /* WhereIsMyCar.app */,
			);
			name = Products;
			sourceTree = "<group>";
		};
		77899DBD1C646C5400C874B2 /* WhereIsMyCar */ = {
			isa = PBXGroup;
			children = (
				77899DBE1C646C5400C874B2 /* AppDelegate.swift */,
				77899DC01C646C5400C874B2 /* ViewController.swift */,
				77899DC21C646C5400C874B2 /* Main.storyboard */,
				77899DC51C646C5400C874B2 /* Assets.xcassets */,
				77899DC71C646C5400C874B2 /* LaunchScreen.storyboard */,
				77899DCA1C646C5400C874B2 /* Info.plist */,
			);
			path = WhereIsMyCar;
			sourceTree = "<group>";
		};
/* End PBXGroup section */

/* Begin PBXNativeTarget section */
		77899DBA1C646C5400C874B2 /* WhereIsMyCar */ = {
			isa = PBXNativeTarget;
			buildConfigurationList = 77899DCD1C646C5400C874B2 /* Build configuration list for PBXNativeTarget "WhereIsMyCar" */;
			buildPhases = (
				77899DB71C646C5400C874B2 /* Sources */,
				77899DB81C646C5400C874B2 /* Frameworks */,
				77899DB91C646C5400C874B2 /* Resources */,
			);
			buildRules = (
			);
			dependencies = (
			);
			name = WhereIsMyCar;
			productName = WhereIsMyCar;
			productReference = 77899DBB1C646C5400C874B2 /* WhereIsMyCar.app */;
			productType = "com.apple.product-type.application";
		};
/* End PBXNativeTarget section */

/* Begin PBXProject section */
		77899DB31C646C5400C874B2 /* Project object */ = {
			isa = PBXProject;
			attributes = {
				LastUpgradeCheck = 0700;
				ORGANIZATIONNAME = "1834 Software";
				TargetAttributes = {
					77899DBA1C646C5400C874B2 = {
						CreatedOnToolsVersion = 7.0.1;
						SystemCapabilities = {
							com.apple.Maps.iOS = {
								enabled = 1;
							};
						};
					};
				};
			};
			buildConfigurationList = 77899DB61C646C5400C874B2 /* Build configuration list for PBXProject "WhereIsMyCar" */;
			compatibilityVersion = "Xcode 3.2";
			developmentRegion = English;
			hasScannedForEncodings = 0;
			knownRegions = (
				en,
				Base,
			);
			mainGroup = 77899DB21C646C5400C874B2;
			productRefGroup = 77899DBC1C646C5400C874B2 /* Products */;
			projectDirPath = "";
			projectRoot = "";
			targets = (
				77899DBA1C646C5400C874B2 /* WhereIsMyCar */,
			);
		};
/* End PBXProject section */

/* Begin PBXResourcesBuildPhase section */
		77899DB91C646C5400C874B2 /* Resources */ = {
			isa = PBXResourcesBuildPhase;
			buildActionMask = 2147483647;
			files = (
				77899DC91C646C5400C874B2 /* LaunchScreen.storyboard in Resources */,
				77899DC61C646C5400C874B2 /* Assets.xcassets in Resources */,
				77899DC41C646C5400C874B2 /* Main.storyboard in Resources */,
			);
			runOnlyForDeploymentPostprocessing = 0;
		};
/* End PBXResourcesBuildPhase section */

/* Begin PBXSourcesBuildPhase section */
		77899DB71C646C5400C874B2 /* Sources */ = {
			isa = PBXSourcesBuildPhase;
			buildActionMask = 2147483647;
			files = (
				77899DC11C646C5400C874B2 /* ViewController.swift in Sources */,
				77899DBF1C646C5400C874B2 /* AppDelegate.swift in Sources */,
			);
			runOnlyForDeploymentPostprocessing = 0;
		};
/* End PBXSourcesBuildPhase section */

/* Begin PBXVariantGroup section */
		77899DC21C646C5400C874B2 /* Main.storyboard */ = {
			isa = PBXVariantGroup;
			children = (
				77899DC31C646C5400C874B2 /* Base */,
			);
			name = Main.storyboard;
			sourceTree = "<group>";
		};
		77899DC71C646C5400C874B2 /* LaunchScreen.storyboard */ = {
			isa = PBXVariantGroup;
			children = (
				77899DC81C646C5400C874B2 /* Base */,
			);
			name = LaunchScreen.storyboard;
			sourceTree = "<group>";
		};
/* End PBXVariantGroup section */

/* Begin XCBuildConfiguration section */
		77899DCB1C646C5400C874B2 /* Debug */ = {
			isa = XCBuildConfiguration;
			buildSettings = {
				ALWAYS_SEARCH_USER_PATHS = NO;
				CLANG_CXX_LANGUAGE_STANDARD = "gnu++0x";
				CLANG_CXX_LIBRARY = "libc++";
				CLANG_ENABLE_MODULES = YES;
				CLANG_ENABLE_OBJC_ARC = YES;
				CLANG_WARN_BOOL_CONVERSION = YES;
				CLANG_WARN_CONSTANT_CONVERSION = YES;
				CLANG_WARN_DIRECT_OBJC_ISA_USAGE = YES_ERROR;
				CLANG_WARN_EMPTY_BODY = YES;
				CLANG_WARN_ENUM_CONVERSION = YES;
				CLANG_WARN_INT_CONVERSION = YES;
				CLANG_WARN_OBJC_ROOT_CLASS = YES_ERROR;
				CLANG_WARN_UNREACHABLE_CODE = YES;
				CLANG_WARN__DUPLICATE_METHOD_MATCH = YES;
				"CODE_SIGN_IDENTITY[sdk=iphoneos*]" = "iPhone Developer";
				COPY_PHASE_STRIP = NO;
				DEBUG_INFORMATION_FORMAT = dwarf;
				ENABLE_STRICT_OBJC_MSGSEND = YES;
				ENABLE_TESTABILITY = YES;
				GCC_C_LANGUAGE_STANDARD = gnu99;
				GCC_DYNAMIC_NO_PIC = NO;
				GCC_NO_COMMON_BLOCKS = YES;
				GCC_OPTIMIZATION_LEVEL = 0;
				GCC_PREPROCESSOR_DEFINITIONS = (
					"DEBUG=1",
					"$(inherited)",
				);
				GCC_WARN_64_TO_32_BIT_CONVERSION = YES;
				GCC_WARN_ABOUT_RETURN_TYPE = YES_ERROR;
				GCC_WARN_UNDECLARED_SELECTOR = YES;
				GCC_WARN_UNINITIALIZED_AUTOS = YES_AGGRESSIVE;
				GCC_WARN_UNUSED_FUNCTION = YES;
				GCC_WARN_UNUSED_VARIABLE = YES;
				IPHONEOS_DEPLOYMENT_TARGET = 9.0;
				MTL_ENABLE_DEBUG_INFO = YES;
				ONLY_ACTIVE_ARCH = YES;
				SDKROOT = iphoneos;
				SWIFT_OPTIMIZATION_LEVEL = "-Onone";
				TARGETED_DEVICE_FAMILY = "1,2";
			};
			name = Debug;
		};
		77899DCC1C646C5400C874B2 /* Release */ = {
			isa = XCBuildConfiguration;
			buildSettings = {
				ALWAYS_SEARCH_USER_PATHS = NO;
				CLANG_CXX_LANGUAGE_STANDARD = "gnu++0x";
				CLANG_CXX_LIBRARY = "libc++";
				CLANG_ENABLE_MODULES = YES;
				CLANG_ENABLE_OBJC_ARC = YES;
				CLANG_WARN_BOOL_CONVERSION = YES;
				CLANG_WARN_CONSTANT_CONVERSION = YES;
				CLANG_WARN_DIRECT_OBJC_ISA_USAGE = YES_ERROR;
				CLANG_WARN_EMPTY_BODY = YES;
				CLANG_WARN_ENUM_CONVERSION = YES;
				CLANG_WARN_INT_CONVERSION = YES;
				CLANG_WARN_OBJC_ROOT_CLASS = YES_ERROR;
				CLANG_WARN_UNREACHABLE_CODE = YES;
				CLANG_WARN__DUPLICATE_METHOD_MATCH = YES;
				"CODE_SIGN_IDENTITY[sdk=iphoneos*]" = "iPhone Developer";
				COPY_PHASE_STRIP = NO;
				DEBUG_INFORMATION_FORMAT = "dwarf-with-dsym";
				ENABLE_NS_ASSERTIONS = NO;
				ENABLE_STRICT_OBJC_MSGSEND = YES;
				GCC_C_LANGUAGE_STANDARD = gnu99;
				GCC_NO_COMMON_BLOCKS = YES;
				GCC_WARN_64_TO_32_BIT_CONVERSION = YES;
				GCC_WARN_ABOUT_RETURN_TYPE = YES_ERROR;
				GCC_WARN_UNDECLARED_SELECTOR = YES;
				GCC_WARN_UNINITIALIZED_AUTOS = YES_AGGRESSIVE;
				GCC_WARN_UNUSED_FUNCTION = YES;
				GCC_WARN_UNUSED_VARIABLE = YES;
				IPHONEOS_DEPLOYMENT_TARGET = 9.0;
				MTL_ENABLE_DEBUG_INFO = NO;
				SDKROOT = iphoneos;
				TARGETED_DEVICE_FAMILY = "1,2";
				VALIDATE_PRODUCT = YES;
			};
			name = Release;
		};
		77899DCE1C646C5400C874B2 /* Debug */ = {
			isa = XCBuildConfiguration;
			buildSettings = {
				ASSETCATALOG_COMPILER_APPICON_NAME = AppIcon;
				INFOPLIST_FILE = WhereIsMyCar/Info.plist;
				LD_RUNPATH_SEARCH_PATHS = "$(inherited) @executable_path/Frameworks";
				PRODUCT_BUNDLE_IDENTIFIER = me.linkevin.WhereIsMyCar;
				PRODUCT_NAME = "$(TARGET_NAME)";
			};
			name = Debug;
		};
		77899DCF1C646C5400C874B2 /* Release */ = {
			isa = XCBuildConfiguration;
			buildSettings = {
				ASSETCATALOG_COMPILER_APPICON_NAME = AppIcon;
				INFOPLIST_FILE = WhereIsMyCar/Info.plist;
				LD_RUNPATH_SEARCH_PATHS = "$(inherited) @executable_path/Frameworks";
				PRODUCT_BUNDLE_IDENTIFIER = me.linkevin.WhereIsMyCar;
				PRODUCT_NAME = "$(TARGET_NAME)";
			};
			name = Release;
		};
/* End XCBuildConfiguration section */

/* Begin XCConfigurationList section */
		77899DB61C646C5400C874B2 /* Build configuration list for PBXProject "WhereIsMyCar" */ = {
			isa = XCConfigurationList;
			buildConfigurations = (
				77899DCB1C646C5400C874B2 /* Debug */,
				77899DCC1C646C5400C874B2 /* Release */,
			);
			defaultConfigurationIsVisible = 0;
			defaultConfigurationName = Release;
		};
		77899DCD1C646C5400C874B2 /* Build configuration list for PBXNativeTarget "WhereIsMyCar" */ = {
			isa = XCConfigurationList;
			buildConfigurations = (
				77899DCE1C646C5400C874B2 /* Debug */,
				77899DCF1C646C5400C874B2 /* Release */,
			);
			defaultConfigurationIsVisible = 0;
			defaultConfigurationName = Release;
		};
/* End XCConfigurationList section */
	};
	rootObject = 77899DB31C646C5400C874B2 /* Project object */;
}
